
Microsoft Visual Studio Solution File, Format Version 12.00
# Visual Studio Version 17
VisualStudioVersion = 17.4.33403.182
MinimumVisualStudioVersion = 10.0.40219.1
Project("{FAE04EC0-301F-11D3-BF4B-00C04F79EFBC}") = "Algorithm", "Algorithm\Algorithm.csproj", "{EBE830DD-7B2B-408E-8C31-C43592D8F815}"
EndProject
Global
	GlobalSection(SolutionConfigurationPlatforms) = preSolution
		Debug|Any CPU = Debug|Any CPU
		Release|Any CPU = Release|Any CPU
	EndGlobalSection
	GlobalSection(ProjectConfigurationPlatforms) = postSolution
		{EBE830DD-7B2B-408E-8C31-C43592D8F815}.Debug|Any CPU.ActiveCfg = Debug|Any CPU
		{EBE830DD-7B2B-408E-8C31-C43592D8F815}.Debug|Any CPU.Build.0 = Debug|Any CPU
		{EBE830DD-7B2B-408E-8C31-C43592D8F815}.Release|Any CPU.ActiveCfg = Release|Any CPU
		{EBE830DD-7B2B-408E-8C31-C43592D8F815}.Release|Any CPU.Build.0 = Release|Any CPU
	EndGlobalSection
	GlobalSection(SolutionProperties) = preSolution
		HideSolutionNode = FALSE
	EndGlobalSection
	GlobalSection(ExtensibilityGlobals) = postSolution
		SolutionGuid = {F7CEAC14-B4FF-45EF-BB5B-B842E140842D}
	EndGlobalSection
EndGlobal
